
Microsoft Visual Studio Solution File, Format Version 12.00
# Visual Studio 14
VisualStudioVersion = 14.0.25420.1
MinimumVisualStudioVersion = 10.0.40219.1
Project("{FAE04EC0-301F-11D3-BF4B-00C04F79EFBC}") = "WebUI", "SuperHeroLibrary\WebUI.csproj", "{190EB51C-8307-47F9-AD9A-D334FAFA45FF}"
EndProject
Project("{FAE04EC0-301F-11D3-BF4B-00C04F79EFBC}") = "Domain", "Domain\Domain.csproj", "{6DB0FB94-2BB5-4367-A47D-2DC37F53A4E0}"
EndProject
Global
	GlobalSection(SolutionConfigurationPlatforms) = preSolution
		Debug|Any CPU = Debug|Any CPU
		Release|Any CPU = Release|Any CPU
	EndGlobalSection
	GlobalSection(ProjectConfigurationPlatforms) = postSolution
		{190EB51C-8307-47F9-AD9A-D334FAFA45FF}.Debug|Any CPU.ActiveCfg = Debug|Any CPU
		{190EB51C-8307-47F9-AD9A-D334FAFA45FF}.Debug|Any CPU.Build.0 = Debug|Any CPU
		{190EB51C-8307-47F9-AD9A-D334FAFA45FF}.Release|Any CPU.ActiveCfg = Release|Any CPU
		{190EB51C-8307-47F9-AD9A-D334FAFA45FF}.Release|Any CPU.Build.0 = Release|Any CPU
		{6DB0FB94-2BB5-4367-A47D-2DC37F53A4E0}.Debug|Any CPU.ActiveCfg = Debug|Any CPU
		{6DB0FB94-2BB5-4367-A47D-2DC37F53A4E0}.Debug|Any CPU.Build.0 = Debug|Any CPU
		{6DB0FB94-2BB5-4367-A47D-2DC37F53A4E0}.Release|Any CPU.ActiveCfg = Release|Any CPU
		{6DB0FB94-2BB5-4367-A47D-2DC37F53A4E0}.Release|Any CPU.Build.0 = Release|Any CPU
	EndGlobalSection
	GlobalSection(SolutionProperties) = preSolution
		HideSolutionNode = FALSE
	EndGlobalSection
EndGlobal
